
Microsoft Visual Studio Solution File, Format Version 12.00
# Visual Studio Version 16
VisualStudioVersion = 16.0.30517.126
MinimumVisualStudioVersion = 10.0.40219.1
Project("{FAE04EC0-301F-11D3-BF4B-00C04F79EFBC}") = "CrudApiRestXamarin.Android", "CrudApiRestXamarin\CrudApiRestXamarin.Android\CrudApiRestXamarin.Android.csproj", "{280B3A63-6AC9-498E-98B1-73E46EBAD252}"
EndProject
Project("{FAE04EC0-301F-11D3-BF4B-00C04F79EFBC}") = "CrudApiRestXamarin.iOS", "CrudApiRestXamarin\CrudApiRestXamarin.iOS\CrudApiRestXamarin.iOS.csproj", "{2F531114-3892-45B4-B2C5-C7D9FD76B8B2}"
EndProject
Project("{FAE04EC0-301F-11D3-BF4B-00C04F79EFBC}") = "CrudApiRestXamarin", "CrudApiRestXamarin\CrudApiRestXamarin\CrudApiRestXamarin.csproj", "{86F8069B-B523-4F5F-AD61-1D4E864AA935}"
EndProject
Global
	GlobalSection(SolutionConfigurationPlatforms) = preSolution
		Debug|Any CPU = Debug|Any CPU
		Debug|iPhone = Debug|iPhone
		Debug|iPhoneSimulator = Debug|iPhoneSimulator
		Release|Any CPU = Release|Any CPU
		Release|iPhone = Release|iPhone
		Release|iPhoneSimulator = Release|iPhoneSimulator
	EndGlobalSection
	GlobalSection(ProjectConfigurationPlatforms) = postSolution
		{280B3A63-6AC9-498E-98B1-73E46EBAD252}.Debug|Any CPU.ActiveCfg = Debug|Any CPU
		{280B3A63-6AC9-498E-98B1-73E46EBAD252}.Debug|Any CPU.Build.0 = Debug|Any CPU
		{280B3A63-6AC9-498E-98B1-73E46EBAD252}.Debug|Any CPU.Deploy.0 = Debug|Any CPU
		{280B3A63-6AC9-498E-98B1-73E46EBAD252}.Debug|iPhone.ActiveCfg = Debug|Any CPU
		{280B3A63-6AC9-498E-98B1-73E46EBAD252}.Debug|iPhone.Build.0 = Debug|Any CPU
		{280B3A63-6AC9-498E-98B1-73E46EBAD252}.Debug|iPhone.Deploy.0 = Debug|Any CPU
		{280B3A63-6AC9-498E-98B1-73E46EBAD252}.Debug|iPhoneSimulator.ActiveCfg = Debug|Any CPU
		{280B3A63-6AC9-498E-98B1-73E46EBAD252}.Debug|iPhoneSimulator.Build.0 = Debug|Any CPU
		{280B3A63-6AC9-498E-98B1-73E46EBAD252}.Debug|iPhoneSimulator.Deploy.0 = Debug|Any CPU
		{280B3A63-6AC9-498E-98B1-73E46EBAD252}.Release|Any CPU.ActiveCfg = Release|Any CPU
		{280B3A63-6AC9-498E-98B1-73E46EBAD252}.Release|Any CPU.Build.0 = Release|Any CPU
		{280B3A63-6AC9-498E-98B1-73E46EBAD252}.Release|Any CPU.Deploy.0 = Release|Any CPU
		{280B3A63-6AC9-498E-98B1-73E46EBAD252}.Release|iPhone.ActiveCfg = Release|Any CPU
		{280B3A63-6AC9-498E-98B1-73E46EBAD252}.Release|iPhone.Build.0 = Release|Any CPU
		{280B3A63-6AC9-498E-98B1-73E46EBAD252}.Release|iPhone.Deploy.0 = Release|Any CPU
		{280B3A63-6AC9-498E-98B1-73E46EBAD252}.Release|iPhoneSimulator.ActiveCfg = Release|Any CPU
		{280B3A63-6AC9-498E-98B1-73E46EBAD252}.Release|iPhoneSimulator.Build.0 = Release|Any CPU
		{280B3A63-6AC9-498E-98B1-73E46EBAD252}.Release|iPhoneSimulator.Deploy.0 = Release|Any CPU
		{2F531114-3892-45B4-B2C5-C7D9FD76B8B2}.Debug|Any CPU.ActiveCfg = Debug|iPhone
		{2F531114-3892-45B4-B2C5-C7D9FD76B8B2}.Debug|Any CPU.Build.0 = Debug|iPhone
		{2F531114-3892-45B4-B2C5-C7D9FD76B8B2}.Debug|Any CPU.Deploy.0 = Debug|iPhone
		{2F531114-3892-45B4-B2C5-C7D9FD76B8B2}.Debug|iPhone.ActiveCfg = Debug|iPhone
		{2F531114-3892-45B4-B2C5-C7D9FD76B8B2}.Debug|iPhone.Build.0 = Debug|iPhone
		{2F531114-3892-45B4-B2C5-C7D9FD76B8B2}.Debug|iPhone.Deploy.0 = Debug|iPhone
		{2F531114-3892-45B4-B2C5-C7D9FD76B8B2}.Debug|iPhoneSimulator.ActiveCfg = Debug|iPhoneSimulator
		{2F531114-3892-45B4-B2C5-C7D9FD76B8B2}.Debug|iPhoneSimulator.Build.0 = Debug|iPhoneSimulator
		{2F531114-3892-45B4-B2C5-C7D9FD76B8B2}.Debug|iPhoneSimulator.Deploy.0 = Debug|iPhoneSimulator
		{2F531114-3892-45B4-B2C5-C7D9FD76B8B2}.Release|Any CPU.ActiveCfg = Release|iPhoneSimulator
		{2F531114-3892-45B4-B2C5-C7D9FD76B8B2}.Release|Any CPU.Build.0 = Release|iPhoneSimulator
		{2F531114-3892-45B4-B2C5-C7D9FD76B8B2}.Release|Any CPU.Deploy.0 = Release|iPhoneSimulator
		{2F531114-3892-45B4-B2C5-C7D9FD76B8B2}.Release|iPhone.ActiveCfg = Release|iPhone
		{2F531114-3892-45B4-B2C5-C7D9FD76B8B2}.Release|iPhone.Build.0 = Release|iPhone
		{2F531114-3892-45B4-B2C5-C7D9FD76B8B2}.Release|iPhone.Deploy.0 = Release|iPhone
		{2F531114-3892-45B4-B2C5-C7D9FD76B8B2}.Release|iPhoneSimulator.ActiveCfg = Release|iPhoneSimulator
		{2F531114-3892-45B4-B2C5-C7D9FD76B8B2}.Release|iPhoneSimulator.Build.0 = Release|iPhoneSimulator
		{2F531114-3892-45B4-B2C5-C7D9FD76B8B2}.Release|iPhoneSimulator.Deploy.0 = Release|iPhoneSimulator
		{86F8069B-B523-4F5F-AD61-1D4E864AA935}.Debug|Any CPU.ActiveCfg = Debug|Any CPU
		{86F8069B-B523-4F5F-AD61-1D4E864AA935}.Debug|Any CPU.Build.0 = Debug|Any CPU
		{86F8069B-B523-4F5F-AD61-1D4E864AA935}.Debug|Any CPU.Deploy.0 = Debug|Any CPU
		{86F8069B-B523-4F5F-AD61-1D4E864AA935}.Debug|iPhone.ActiveCfg = Debug|Any CPU
		{86F8069B-B523-4F5F-AD61-1D4E864AA935}.Debug|iPhone.Build.0 = Debug|Any CPU
		{86F8069B-B523-4F5F-AD61-1D4E864AA935}.Debug|iPhone.Deploy.0 = Debug|Any CPU
		{86F8069B-B523-4F5F-AD61-1D4E864AA935}.Debug|iPhoneSimulator.ActiveCfg = Debug|Any CPU
		{86F8069B-B523-4F5F-AD61-1D4E864AA935}.Debug|iPhoneSimulator.Build.0 = Debug|Any CPU
		{86F8069B-B523-4F5F-AD61-1D4E864AA935}.Debug|iPhoneSimulator.Deploy.0 = Debug|Any CPU
		{86F8069B-B523-4F5F-AD61-1D4E864AA935}.Release|Any CPU.ActiveCfg = Release|Any CPU
		{86F8069B-B523-4F5F-AD61-1D4E864AA935}.Release|Any CPU.Build.0 = Release|Any CPU
		{86F8069B-B523-4F5F-AD61-1D4E864AA935}.Release|Any CPU.Deploy.0 = Release|Any CPU
		{86F8069B-B523-4F5F-AD61-1D4E864AA935}.Release|iPhone.ActiveCfg = Release|Any CPU
		{86F8069B-B523-4F5F-AD61-1D4E864AA935}.Release|iPhone.Build.0 = Release|Any CPU
		{86F8069B-B523-4F5F-AD61-1D4E864AA935}.Release|iPhone.Deploy.0 = Release|Any CPU
		{86F8069B-B523-4F5F-AD61-1D4E864AA935}.Release|iPhoneSimulator.ActiveCfg = Release|Any CPU
		{86F8069B-B523-4F5F-AD61-1D4E864AA935}.Release|iPhoneSimulator.Build.0 = Release|Any CPU
		{86F8069B-B523-4F5F-AD61-1D4E864AA935}.Release|iPhoneSimulator.Deploy.0 = Release|Any CPU
	EndGlobalSection
	GlobalSection(SolutionProperties) = preSolution
		HideSolutionNode = FALSE
	EndGlobalSection
	GlobalSection(ExtensibilityGlobals) = postSolution
		SolutionGuid = {D92DDA3A-5C26-4DFA-A922-CC6504C62917}
	EndGlobalSection
EndGlobal
